
Microsoft Visual Studio Solution File, Format Version 12.00
# Visual Studio Version 17
VisualStudioVersion = 17.8.34511.84
MinimumVisualStudioVersion = 10.0.40219.1
Project("{9A19103F-16F7-4668-BE54-9A1E7A4F7556}") = "RingScript", "RingScript.csproj", "{91318DAB-ACFA-4626-8DA0-A8E291589B0E}"
EndProject
Project("{FAE04EC0-301F-11D3-BF4B-00C04F79EFBC}") = "Test", "Test\Test.csproj", "{F864BFFC-EB23-44FF-ABE0-CE3451E53187}"
EndProject
Global
	GlobalSection(SolutionConfigurationPlatforms) = preSolution
		Debug|Any CPU = Debug|Any CPU
		Release|Any CPU = Release|Any CPU
	EndGlobalSection
	GlobalSection(ProjectConfigurationPlatforms) = postSolution
		{91318DAB-ACFA-4626-8DA0-A8E291589B0E}.Debug|Any CPU.ActiveCfg = Debug|Any CPU
		{91318DAB-ACFA-4626-8DA0-A8E291589B0E}.Debug|Any CPU.Build.0 = Debug|Any CPU
		{91318DAB-ACFA-4626-8DA0-A8E291589B0E}.Release|Any CPU.ActiveCfg = Release|Any CPU
		{91318DAB-ACFA-4626-8DA0-A8E291589B0E}.Release|Any CPU.Build.0 = Release|Any CPU
		{F864BFFC-EB23-44FF-ABE0-CE3451E53187}.Debug|Any CPU.ActiveCfg = Debug|Any CPU
		{F864BFFC-EB23-44FF-ABE0-CE3451E53187}.Debug|Any CPU.Build.0 = Debug|Any CPU
		{F864BFFC-EB23-44FF-ABE0-CE3451E53187}.Release|Any CPU.ActiveCfg = Release|Any CPU
		{F864BFFC-EB23-44FF-ABE0-CE3451E53187}.Release|Any CPU.Build.0 = Release|Any CPU
	EndGlobalSection
	GlobalSection(SolutionProperties) = preSolution
		HideSolutionNode = FALSE
	EndGlobalSection
	GlobalSection(ExtensibilityGlobals) = postSolution
		SolutionGuid = {0EDD38F7-39BF-41EC-88A5-1B4E398BB316}
	EndGlobalSection
EndGlobal
